
Microsoft Visual Studio Solution File, Format Version 12.00
# Visual Studio Version 17
VisualStudioVersion = 17.14.36429.23 d17.14
MinimumVisualStudioVersion = 10.0.40219.1
Project("{FAE04EC0-301F-11D3-BF4B-00C04F79EFBC}") = "ProblemSolving", "ProblemSolving\ProblemSolving.csproj", "{BCA42BE6-B2B4-42C1-90D7-D91566F1817B}"
EndProject
Global
	GlobalSection(SolutionConfigurationPlatforms) = preSolution
		Debug|Any CPU = Debug|Any CPU
		Release|Any CPU = Release|Any CPU
	EndGlobalSection
	GlobalSection(ProjectConfigurationPlatforms) = postSolution
		{BCA42BE6-B2B4-42C1-90D7-D91566F1817B}.Debug|Any CPU.ActiveCfg = Debug|Any CPU
		{BCA42BE6-B2B4-42C1-90D7-D91566F1817B}.Debug|Any CPU.Build.0 = Debug|Any CPU
		{BCA42BE6-B2B4-42C1-90D7-D91566F1817B}.Release|Any CPU.ActiveCfg = Release|Any CPU
		{BCA42BE6-B2B4-42C1-90D7-D91566F1817B}.Release|Any CPU.Build.0 = Release|Any CPU
	EndGlobalSection
	GlobalSection(SolutionProperties) = preSolution
		HideSolutionNode = FALSE
	EndGlobalSection
	GlobalSection(ExtensibilityGlobals) = postSolution
		SolutionGuid = {BB11853E-163F-4B41-92A1-B502154BB35A}
	EndGlobalSection
EndGlobal
